github.com/getlantern/cronet-go v0.0.0-20221012142550-1eda14349557 h1:1+YEAlYUU6xBu6GWNvll6B/9tPKMzhjZFmQWhdZdEiw=
github.com/getlantern/cronet-go v0.0.0-20221012142550-1eda14349557/go.mod h1:knFNW+h+BtbcZwR3hyH4BdV9wtFPfYxy3U8v5XQeKXo=
github.com/sagernet/sing v0.0.0-20220614131337-ea019b365507 h1:rMYMyB6N0ARFg0bwgG1Ahl+h0HCXO74yzT8PYvxOuPs=
